<?xml version="1.0" encoding="utf-8"?>
<Project ToolsVersion="4.0" xmlns="http://schemas.microsoft.com/developer/msbuild/2003">
  <ItemGroup>
    <Filter Include="Headers">
      <UniqueIdentifier>{93995380-89BD-4b04-88EB-625FBE52EBFB}</UniqueIdentifier>
      <Extensions>h;hh;hpp;hxx;h++;hm;inl;inc;ipp;xsd</Extensions>
    </Filter>
    <Filter Include="Sources">
      <UniqueIdentifier>{4FC737F1-C7A5-4376-A066-2A32D752A2FF}</UniqueIdentifier>
      <Extensions>cpp;c;cc;cxx;c++;cppm;ixx;def;odl;idl;hpj;bat;asm;asmx</Extensions>
    </Filter>
  </ItemGroup>
  <ItemGroup>
    <ClInclude Include="include\wxbf\borderless_frame.h">
      <Filter>Headers</Filter>
    </ClInclude>
    <ClInclude Include="include\wxbf\borderless_frame_msw.h">
      <Filter>Headers</Filter>
    </ClInclude>
    <ClInclude Include="include\wxbf\borderless_frame_common.h">
      <Filter>Headers</Filter>
    </ClInclude>
    <ClInclude Include="include\wxbf\drop_shadow_frame_base.h">
      <Filter>Headers</Filter>
    </ClInclude>
    <ClInclude Include="include\wxbf\drop_shadow_frame.h">
      <Filter>Headers</Filter>
    </ClInclude>
    <ClInclude Include="include\wxbf\drop_shadow_frame_msw.h">
      <Filter>Headers</Filter>
    </ClInclude>
    <ClInclude Include="include\wxbf\window_gripper.h">
      <Filter>Headers</Filter>
    </ClInclude>
    <ClInclude Include="include\wxbf\window_gripper_msw.h">
      <Filter>Headers</Filter>
    </ClInclude>
    <ClInclude Include="include\wxbf\resizer_drop_shadow_frame.h">
      <Filter>Headers</Filter>
    </ClInclude>
    <ClInclude Include="include\wxbf\system_buttons.h">
      <Filter>Headers</Filter>
    </ClInclude>
    <ClInclude Include="include\wxbf\system_buttons_base.h">
      <Filter>Headers</Filter>
    </ClInclude>
    <ClInclude Include="include\wxbf\system_buttons_win10.h">
      <Filter>Headers</Filter>
    </ClInclude>
    <ClInclude Include="include\wxbf\borderless_frame_base.h">
      <Filter>Headers</Filter>
    </ClInclude>
  </ItemGroup>
  <ItemGroup>
    <ClCompile Include="src\borderless_frame_msw.cpp">
      <Filter>Sources</Filter>
    </ClCompile>
    <ClCompile Include="src\drop_shadow_frame_base.cpp">
      <Filter>Sources</Filter>
    </ClCompile>
    <ClCompile Include="src\drop_shadow_frame_msw.cpp">
      <Filter>Sources</Filter>
    </ClCompile>
    <ClCompile Include="src\window_gripper_msw.cpp">
      <Filter>Sources</Filter>
    </ClCompile>
    <ClCompile Include="src\system_buttons.cpp">
      <Filter>Sources</Filter>
    </ClCompile>
    <ClCompile Include="src\system_buttons_base.cpp">
      <Filter>Sources</Filter>
    </ClCompile>
    <ClCompile Include="src\system_buttons_win10.cpp">
      <Filter>Sources</Filter>
    </ClCompile>
    <ClCompile Include="src\borderless_frame_base.cpp">
      <Filter>Sources</Filter>
    </ClCompile>
  </ItemGroup>
</Project>